// !$*UTF8*$!
{
	archiveVersion = 1;
	classes = {
	};
	objectVersion = 46;
	objects = {

/* Begin PBXBuildFile section */
		0C21AD2A1C88906800F020C7 /* UsersViewController.swift in Sources */ = {isa = PBXBuildFile; fileRef = 0C21AD291C88906800F020C7 /* UsersViewController.swift */; };
		0C21AD2D1C88929400F020C7 /* PopoverViewController.swift in Sources */ = {isa = PBXBuildFile; fileRef = 0C21AD2C1C88929400F020C7 /* PopoverViewController.swift */; };
		0C21AD311C88943800F020C7 /* Popovers.storyboard in Resources */ = {isa = PBXBuildFile; fileRef = 0C21AD331C88943800F020C7 /* Popovers.storyboard */; };
		0C225EDB1C824120005FCD19 /* Composition.swift in Sources */ = {isa = PBXBuildFile; fileRef = 0C225ED51C824120005FCD19 /* Composition.swift */; };
		0C225EDC1C824120005FCD19 /* Configuration.swift in Sources */ = {isa = PBXBuildFile; fileRef = 0C225ED61C824120005FCD19 /* Configuration.swift */; };
		0C225EDD1C824120005FCD19 /* Configurations.plist in Resources */ = {isa = PBXBuildFile; fileRef = 0C225ED71C824120005FCD19 /* Configurations.plist */; };
		0C225EDE1C824120005FCD19 /* HelpfulFunctions.swift in Sources */ = {isa = PBXBuildFile; fileRef = 0C225ED81C824120005FCD19 /* HelpfulFunctions.swift */; };
		0C225EDF1C824120005FCD19 /* UIExtensions.swift in Sources */ = {isa = PBXBuildFile; fileRef = 0C225ED91C824120005FCD19 /* UIExtensions.swift */; };
		0C225EE41C82413E005FCD19 /* FormViewController.swift in Sources */ = {isa = PBXBuildFile; fileRef = 0C225EE11C82413E005FCD19 /* FormViewController.swift */; };
		0C225EE51C82413E005FCD19 /* LandingViewController.swift in Sources */ = {isa = PBXBuildFile; fileRef = 0C225EE21C82413E005FCD19 /* LandingViewController.swift */; };
		0C225EE61C82413E005FCD19 /* LoginViewController.swift in Sources */ = {isa = PBXBuildFile; fileRef = 0C225EE31C82413E005FCD19 /* LoginViewController.swift */; };
		0C225EE91C82417F005FCD19 /* ResetPasswordViewController.swift in Sources */ = {isa = PBXBuildFile; fileRef = 0C225EE71C82417F005FCD19 /* ResetPasswordViewController.swift */; };
		0C225EEA1C82417F005FCD19 /* SignUpViewController.swift in Sources */ = {isa = PBXBuildFile; fileRef = 0C225EE81C82417F005FCD19 /* SignUpViewController.swift */; };
		0C225EF31C82422A005FCD19 /* UIComponents.h in Headers */ = {isa = PBXBuildFile; fileRef = 0C225EF21C82422A005FCD19 /* UIComponents.h */; settings = {ATTRIBUTES = (Public, ); }; };
		0C225EF71C82422A005FCD19 /* UIComponents.framework in Frameworks */ = {isa = PBXBuildFile; fileRef = 0C225EF01C82422A005FCD19 /* UIComponents.framework */; };
		0C225EF81C82422A005FCD19 /* UIComponents.framework in Embed Frameworks */ = {isa = PBXBuildFile; fileRef = 0C225EF01C82422A005FCD19 /* UIComponents.framework */; settings = {ATTRIBUTES = (CodeSignOnCopy, RemoveHeadersOnCopy, ); }; };
		0C225EFE1C82423A005FCD19 /* UnderlineTextField.swift in Sources */ = {isa = PBXBuildFile; fileRef = 0C225EFD1C82423A005FCD19 /* UnderlineTextField.swift */; };
		0C225EFF1C824375005FCD19 /* HelpfulFunctions.swift in Sources */ = {isa = PBXBuildFile; fileRef = 0C225ED81C824120005FCD19 /* HelpfulFunctions.swift */; };
		0C225F001C824386005FCD19 /* UIExtensions.swift in Sources */ = {isa = PBXBuildFile; fileRef = 0C225ED91C824120005FCD19 /* UIExtensions.swift */; };
		0C23CFFB1C85CFA5006110F4 /* MenuViewController.swift in Sources */ = {isa = PBXBuildFile; fileRef = 0C23CFF91C85CFA5006110F4 /* MenuViewController.swift */; };
		0C23CFFC1C85CFA5006110F4 /* SlideMenuViewController.swift in Sources */ = {isa = PBXBuildFile; fileRef = 0C23CFFA1C85CFA5006110F4 /* SlideMenuViewController.swift */; };
		0C23CFFE1C85D614006110F4 /* MenuTableViewCell.swift in Sources */ = {isa = PBXBuildFile; fileRef = 0C23CFFD1C85D614006110F4 /* MenuTableViewCell.swift */; };
		0C23D0001C85E0C7006110F4 /* ContainerViewController.swift in Sources */ = {isa = PBXBuildFile; fileRef = 0C23CFFF1C85E0C7006110F4 /* ContainerViewController.swift */; };
		0C23D0021C85E9A0006110F4 /* SectionHeaderTableViewCell.swift in Sources */ = {isa = PBXBuildFile; fileRef = 0C23D0011C85E9A0006110F4 /* SectionHeaderTableViewCell.swift */; };
		0C4FF3D31C81ABA500EB935F /* AppDelegate.swift in Sources */ = {isa = PBXBuildFile; fileRef = 0C4FF3D21C81ABA500EB935F /* AppDelegate.swift */; };
		0C4FF3D81C81ABA500EB935F /* Main.storyboard in Resources */ = {isa = PBXBuildFile; fileRef = 0C4FF3D61C81ABA500EB935F /* Main.storyboard */; };
		0C4FF3DA1C81ABA500EB935F /* Assets.xcassets in Resources */ = {isa = PBXBuildFile; fileRef = 0C4FF3D91C81ABA500EB935F /* Assets.xcassets */; };
		0C4FF3DD1C81ABA500EB935F /* LaunchScreen.storyboard in Resources */ = {isa = PBXBuildFile; fileRef = 0C4FF3DB1C81ABA500EB935F /* LaunchScreen.storyboard */; };
		0C4FF3E81C81ABA500EB935F /* TripPlannerUITests.swift in Sources */ = {isa = PBXBuildFile; fileRef = 0C4FF3E71C81ABA500EB935F /* TripPlannerUITests.swift */; };
		0C767C471C83099800484C05 /* Poppins-Bold.ttf in Resources */ = {isa = PBXBuildFile; fileRef = 0C767C3F1C83099800484C05 /* Poppins-Bold.ttf */; };
		0C767C481C83099800484C05 /* Poppins-Light.ttf in Resources */ = {isa = PBXBuildFile; fileRef = 0C767C401C83099800484C05 /* Poppins-Light.ttf */; };
		0C767C491C83099800484C05 /* Poppins-Medium.ttf in Resources */ = {isa = PBXBuildFile; fileRef = 0C767C411C83099800484C05 /* Poppins-Medium.ttf */; };
		0C767C4A1C83099800484C05 /* Poppins-Regular.ttf in Resources */ = {isa = PBXBuildFile; fileRef = 0C767C421C83099800484C05 /* Poppins-Regular.ttf */; };
		0C767C4B1C83099800484C05 /* Poppins-SemiBold.ttf in Resources */ = {isa = PBXBuildFile; fileRef = 0C767C431C83099800484C05 /* Poppins-SemiBold.ttf */; };
		0C767C4E1C831B2800484C05 /* Trips.storyboard in Resources */ = {isa = PBXBuildFile; fileRef = 0C767C501C831B2800484C05 /* Trips.storyboard */; };
		0C767C541C837FD100484C05 /* TripsViewController.swift in Sources */ = {isa = PBXBuildFile; fileRef = 0C767C531C837FD100484C05 /* TripsViewController.swift */; };
		0C767C561C837FF100484C05 /* TripDetailsViewController.swift in Sources */ = {isa = PBXBuildFile; fileRef = 0C767C551C837FF100484C05 /* TripDetailsViewController.swift */; };
		0C767C581C83807500484C05 /* MonthPlanViewController.swift in Sources */ = {isa = PBXBuildFile; fileRef = 0C767C571C83807500484C05 /* MonthPlanViewController.swift */; };
		0C767C5D1C83973600484C05 /* TripsDataStore.swift in Sources */ = {isa = PBXBuildFile; fileRef = 0C767C5C1C83973600484C05 /* TripsDataStore.swift */; };
		0C767C5F1C83976000484C05 /* UsersDataStore.swift in Sources */ = {isa = PBXBuildFile; fileRef = 0C767C5E1C83976000484C05 /* UsersDataStore.swift */; };
		0C767C611C83A4C400484C05 /* LoginDataStore.swift in Sources */ = {isa = PBXBuildFile; fileRef = 0C767C601C83A4C400484C05 /* LoginDataStore.swift */; };
		0C767C651C8641F400484C05 /* SelectLocationViewController.swift in Sources */ = {isa = PBXBuildFile; fileRef = 0C767C641C8641F400484C05 /* SelectLocationViewController.swift */; };
		0C767C671C86483800484C05 /* Trip.swift in Sources */ = {isa = PBXBuildFile; fileRef = 0C767C661C86483800484C05 /* Trip.swift */; };
		0C767C691C8650D400484C05 /* TripCell.swift in Sources */ = {isa = PBXBuildFile; fileRef = 0C767C681C8650D400484C05 /* TripCell.swift */; };
		0C99AC421C87165800E8C279 /* Localizable.strings in Resources */ = {isa = PBXBuildFile; fileRef = 0C99AC441C87165800E8C279 /* Localizable.strings */; };
		94E88394A25019D0F7604FBF /* Pods_TripPlanner.framework in Frameworks */ = {isa = PBXBuildFile; fileRef = 46068CB9476AE3C5555A826A /* Pods_TripPlanner.framework */; };
/* End PBXBuildFile section */

/* Begin PBXContainerItemProxy section */
		0C225EF51C82422A005FCD19 /* PBXContainerItemProxy */ = {
			isa = PBXContainerItemProxy;
			containerPortal = 0C4FF3C71C81ABA500EB935F /* Project object */;
			proxyType = 1;
			remoteGlobalIDString = 0C225EEF1C82422A005FCD19;
			remoteInfo = UIComponents;
		};
		0C4FF3E41C81ABA500EB935F /* PBXContainerItemProxy */ = {
			isa = PBXContainerItemProxy;
			containerPortal = 0C4FF3C71C81ABA500EB935F /* Project object */;
			proxyType = 1;
			remoteGlobalIDString = 0C4FF3CE1C81ABA500EB935F;
			remoteInfo = TripPlanner;
		};
/* End PBXContainerItemProxy section */

/* Begin PBXCopyFilesBuildPhase section */
		0C225EFC1C82422A005FCD19 /* Embed Frameworks */ = {
			isa = PBXCopyFilesBuildPhase;
			buildActionMask = 2147483647;
			dstPath = "";
			dstSubfolderSpec = 10;
			files = (
				0C225EF81C82422A005FCD19 /* UIComponents.framework in Embed Frameworks */,
			);
			name = "Embed Frameworks";
			runOnlyForDeploymentPostprocessing = 0;
		};
/* End PBXCopyFilesBuildPhase section */

/* Begin PBXFileReference section */
		0C21AD281C888DA200F020C7 /* en */ = {isa = PBXFileReference; lastKnownFileType = text.plist.strings; name = en; path = en.lproj/Trips.strings; sourceTree = "<group>"; };
		0C21AD291C88906800F020C7 /* UsersViewController.swift */ = {isa = PBXFileReference; fileEncoding = 4; lastKnownFileType = sourcecode.swift; path = UsersViewController.swift; sourceTree = "<group>"; };
		0C21AD2C1C88929400F020C7 /* PopoverViewController.swift */ = {isa = PBXFileReference; fileEncoding = 4; lastKnownFileType = sourcecode.swift; path = PopoverViewController.swift; sourceTree = "<group>"; };
		0C21AD321C88943800F020C7 /* Base */ = {isa = PBXFileReference; lastKnownFileType = file.storyboard; name = Base; path = Base.lproj/Popovers.storyboard; sourceTree = "<group>"; };
		0C225ED51C824120005FCD19 /* Composition.swift */ = {isa = PBXFileReference; fileEncoding = 4; lastKnownFileType = sourcecode.swift; path = Composition.swift; sourceTree = "<group>"; };
		0C225ED61C824120005FCD19 /* Configuration.swift */ = {isa = PBXFileReference; fileEncoding = 4; lastKnownFileType = sourcecode.swift; path = Configuration.swift; sourceTree = "<group>"; };
		0C225ED71C824120005FCD19 /* Configurations.plist */ = {isa = PBXFileReference; fileEncoding = 4; lastKnownFileType = text.plist.xml; path = Configurations.plist; sourceTree = "<group>"; };
		0C225ED81C824120005FCD19 /* HelpfulFunctions.swift */ = {isa = PBXFileReference; fileEncoding = 4; lastKnownFileType = sourcecode.swift; path = HelpfulFunctions.swift; sourceTree = "<group>"; };
		0C225ED91C824120005FCD19 /* UIExtensions.swift */ = {isa = PBXFileReference; fileEncoding = 4; lastKnownFileType = sourcecode.swift; path = UIExtensions.swift; sourceTree = "<group>"; };
		0C225EE11C82413E005FCD19 /* FormViewController.swift */ = {isa = PBXFileReference; fileEncoding = 4; lastKnownFileType = sourcecode.swift; path = FormViewController.swift; sourceTree = "<group>"; };
		0C225EE21C82413E005FCD19 /* LandingViewController.swift */ = {isa = PBXFileReference; fileEncoding = 4; lastKnownFileType = sourcecode.swift; path = LandingViewController.swift; sourceTree = "<group>"; };
		0C225EE31C82413E005FCD19 /* LoginViewController.swift */ = {isa = PBXFileReference; fileEncoding = 4; lastKnownFileType = sourcecode.swift; path = LoginViewController.swift; sourceTree = "<group>"; };
		0C225EE71C82417F005FCD19 /* ResetPasswordViewController.swift */ = {isa = PBXFileReference; fileEncoding = 4; lastKnownFileType = sourcecode.swift; path = ResetPasswordViewController.swift; sourceTree = "<group>"; };
		0C225EE81C82417F005FCD19 /* SignUpViewController.swift */ = {isa = PBXFileReference; fileEncoding = 4; lastKnownFileType = sourcecode.swift; path = SignUpViewController.swift; sourceTree = "<group>"; };
		0C225EF01C82422A005FCD19 /* UIComponents.framework */ = {isa = PBXFileReference; explicitFileType = wrapper.framework; includeInIndex = 0; path = UIComponents.framework; sourceTree = BUILT_PRODUCTS_DIR; };
		0C225EF21C82422A005FCD19 /* UIComponents.h */ = {isa = PBXFileReference; lastKnownFileType = sourcecode.c.h; path = UIComponents.h; sourceTree = "<group>"; };
		0C225EF41C82422A005FCD19 /* Info.plist */ = {isa = PBXFileReference; lastKnownFileType = text.plist.xml; path = Info.plist; sourceTree = "<group>"; };
		0C225EFD1C82423A005FCD19 /* UnderlineTextField.swift */ = {isa = PBXFileReference; fileEncoding = 4; lastKnownFileType = sourcecode.swift; path = UnderlineTextField.swift; sourceTree = "<group>"; };
		0C23CFF91C85CFA5006110F4 /* MenuViewController.swift */ = {isa = PBXFileReference; fileEncoding = 4; lastKnownFileType = sourcecode.swift; path = MenuViewController.swift; sourceTree = "<group>"; };
		0C23CFFA1C85CFA5006110F4 /* SlideMenuViewController.swift */ = {isa = PBXFileReference; fileEncoding = 4; lastKnownFileType = sourcecode.swift; path = SlideMenuViewController.swift; sourceTree = "<group>"; };
		0C23CFFD1C85D614006110F4 /* MenuTableViewCell.swift */ = {isa = PBXFileReference; fileEncoding = 4; lastKnownFileType = sourcecode.swift; path = MenuTableViewCell.swift; sourceTree = "<group>"; };
		0C23CFFF1C85E0C7006110F4 /* ContainerViewController.swift */ = {isa = PBXFileReference; fileEncoding = 4; lastKnownFileType = sourcecode.swift; path = ContainerViewController.swift; sourceTree = "<group>"; };
		0C23D0011C85E9A0006110F4 /* SectionHeaderTableViewCell.swift */ = {isa = PBXFileReference; fileEncoding = 4; lastKnownFileType = sourcecode.swift; path = SectionHeaderTableViewCell.swift; sourceTree = "<group>"; };
		0C4FF3CF1C81ABA500EB935F /* TripPlanner.app */ = {isa = PBXFileReference; explicitFileType = wrapper.application; includeInIndex = 0; path = TripPlanner.app; sourceTree = BUILT_PRODUCTS_DIR; };
		0C4FF3D21C81ABA500EB935F /* AppDelegate.swift */ = {isa = PBXFileReference; lastKnownFileType = sourcecode.swift; path = AppDelegate.swift; sourceTree = "<group>"; };
		0C4FF3D71C81ABA500EB935F /* Base */ = {isa = PBXFileReference; lastKnownFileType = file.storyboard; name = Base; path = Base.lproj/Main.storyboard; sourceTree = "<group>"; };
		0C4FF3D91C81ABA500EB935F /* Assets.xcassets */ = {isa = PBXFileReference; lastKnownFileType = folder.assetcatalog; path = Assets.xcassets; sourceTree = "<group>"; };
		0C4FF3DC1C81ABA500EB935F /* Base */ = {isa = PBXFileReference; lastKnownFileType = file.storyboard; name = Base; path = Base.lproj/LaunchScreen.storyboard; sourceTree = "<group>"; };
		0C4FF3DE1C81ABA500EB935F /* Info.plist */ = {isa = PBXFileReference; lastKnownFileType = text.plist.xml; path = Info.plist; sourceTree = "<group>"; };
		0C4FF3E31C81ABA500EB935F /* TripPlannerUITests.xctest */ = {isa = PBXFileReference; explicitFileType = wrapper.cfbundle; includeInIndex = 0; path = TripPlannerUITests.xctest; sourceTree = BUILT_PRODUCTS_DIR; };
		0C4FF3E71C81ABA500EB935F /* TripPlannerUITests.swift */ = {isa = PBXFileReference; lastKnownFileType = sourcecode.swift; path = TripPlannerUITests.swift; sourceTree = "<group>"; };
		0C4FF3E91C81ABA500EB935F /* Info.plist */ = {isa = PBXFileReference; lastKnownFileType = text.plist.xml; path = Info.plist; sourceTree = "<group>"; };
		0C767C3C1C83099800484C05 /* DESCRIPTION.en_us.html */ = {isa = PBXFileReference; fileEncoding = 4; lastKnownFileType = text.html; path = DESCRIPTION.en_us.html; sourceTree = "<group>"; };
		0C767C3D1C83099800484C05 /* METADATA.json */ = {isa = PBXFileReference; fileEncoding = 4; lastKnownFileType = text.json; path = METADATA.json; sourceTree = "<group>"; };
		0C767C3E1C83099800484C05 /* OFL.txt */ = {isa = PBXFileReference; fileEncoding = 4; lastKnownFileType = text; path = OFL.txt; sourceTree = "<group>"; };
		0C767C3F1C83099800484C05 /* Poppins-Bold.ttf */ = {isa = PBXFileReference; lastKnownFileType = file; path = "Poppins-Bold.ttf"; sourceTree = "<group>"; };
		0C767C401C83099800484C05 /* Poppins-Light.ttf */ = {isa = PBXFileReference; lastKnownFileType = file; path = "Poppins-Light.ttf"; sourceTree = "<group>"; };
		0C767C411C83099800484C05 /* Poppins-Medium.ttf */ = {isa = PBXFileReference; lastKnownFileType = file; path = "Poppins-Medium.ttf"; sourceTree = "<group>"; };
		0C767C421C83099800484C05 /* Poppins-Regular.ttf */ = {isa = PBXFileReference; lastKnownFileType = file; path = "Poppins-Regular.ttf"; sourceTree = "<group>"; };
		0C767C431C83099800484C05 /* Poppins-SemiBold.ttf */ = {isa = PBXFileReference; lastKnownFileType = file; path = "Poppins-SemiBold.ttf"; sourceTree = "<group>"; };
		0C767C4F1C831B2800484C05 /* Base */ = {isa = PBXFileReference; lastKnownFileType = file.storyboard; name = Base; path = Base.lproj/Trips.storyboard; sourceTree = "<group>"; };
		0C767C531C837FD100484C05 /* TripsViewController.swift */ = {isa = PBXFileReference; fileEncoding = 4; lastKnownFileType = sourcecode.swift; path = TripsViewController.swift; sourceTree = "<group>"; };
		0C767C551C837FF100484C05 /* TripDetailsViewController.swift */ = {isa = PBXFileReference; fileEncoding = 4; lastKnownFileType = sourcecode.swift; path = TripDetailsViewController.swift; sourceTree = "<group>"; };
		0C767C571C83807500484C05 /* MonthPlanViewController.swift */ = {isa = PBXFileReference; fileEncoding = 4; lastKnownFileType = sourcecode.swift; path = MonthPlanViewController.swift; sourceTree = "<group>"; };
		0C767C5C1C83973600484C05 /* TripsDataStore.swift */ = {isa = PBXFileReference; fileEncoding = 4; lastKnownFileType = sourcecode.swift; path = TripsDataStore.swift; sourceTree = "<group>"; };
		0C767C5E1C83976000484C05 /* UsersDataStore.swift */ = {isa = PBXFileReference; fileEncoding = 4; lastKnownFileType = sourcecode.swift; path = UsersDataStore.swift; sourceTree = "<group>"; };
		0C767C601C83A4C400484C05 /* LoginDataStore.swift */ = {isa = PBXFileReference; fileEncoding = 4; lastKnownFileType = sourcecode.swift; path = LoginDataStore.swift; sourceTree = "<group>"; };
		0C767C641C8641F400484C05 /* SelectLocationViewController.swift */ = {isa = PBXFileReference; fileEncoding = 4; lastKnownFileType = sourcecode.swift; path = SelectLocationViewController.swift; sourceTree = "<group>"; };
		0C767C661C86483800484C05 /* Trip.swift */ = {isa = PBXFileReference; fileEncoding = 4; lastKnownFileType = sourcecode.swift; path = Trip.swift; sourceTree = "<group>"; };
		0C767C681C8650D400484C05 /* TripCell.swift */ = {isa = PBXFileReference; fileEncoding = 4; lastKnownFileType = sourcecode.swift; path = TripCell.swift; sourceTree = "<group>"; };
		0C767C6B1C86516100484C05 /* en */ = {isa = PBXFileReference; lastKnownFileType = text.plist.strings; name = en; path = en.lproj/Main.strings; sourceTree = "<group>"; };
		0C99AC451C87165E00E8C279 /* en */ = {isa = PBXFileReference; lastKnownFileType = text.plist.strings; name = en; path = en.lproj/Localizable.strings; sourceTree = "<group>"; };
		46068CB9476AE3C5555A826A /* Pods_TripPlanner.framework */ = {isa = PBXFileReference; explicitFileType = wrapper.framework; includeInIndex = 0; path = Pods_TripPlanner.framework; sourceTree = BUILT_PRODUCTS_DIR; };
		75AF2C9EF75917589137EED6 /* Pods-TripPlanner.debug.xcconfig */ = {isa = PBXFileReference; includeInIndex = 1; lastKnownFileType = text.xcconfig; name = "Pods-TripPlanner.debug.xcconfig"; path = "Pods/Target Support Files/Pods-TripPlanner/Pods-TripPlanner.debug.xcconfig"; sourceTree = "<group>"; };
		CE84A0EEF47CDE12FDCC4BF1 /* Pods-TripPlanner.release.xcconfig */ = {isa = PBXFileReference; includeInIndex = 1; lastKnownFileType = text.xcconfig; name = "Pods-TripPlanner.release.xcconfig"; path = "Pods/Target Support Files/Pods-TripPlanner/Pods-TripPlanner.release.xcconfig"; sourceTree = "<group>"; };
/* End PBXFileReference section */

/* Begin PBXFrameworksBuildPhase section */
		0C225EEC1C82422A005FCD19 /* Frameworks */ = {
			isa = PBXFrameworksBuildPhase;
			buildActionMask = 2147483647;
			files = (
			);
			runOnlyForDeploymentPostprocessing = 0;
		};
		0C4FF3CC1C81ABA500EB935F /* Frameworks */ = {
			isa = PBXFrameworksBuildPhase;
			buildActionMask = 2147483647;
			files = (
				0C225EF71C82422A005FCD19 /* UIComponents.framework in Frameworks */,
				94E88394A25019D0F7604FBF /* Pods_TripPlanner.framework in Frameworks */,
			);
			runOnlyForDeploymentPostprocessing = 0;
		};
		0C4FF3E01C81ABA500EB935F /* Frameworks */ = {
			isa = PBXFrameworksBuildPhase;
			buildActionMask = 2147483647;
			files = (
			);
			runOnlyForDeploymentPostprocessing = 0;
		};
/* End PBXFrameworksBuildPhase section */

/* Begin PBXGroup section */
		0C21AD2B1C88927A00F020C7 /* Popovers */ = {
			isa = PBXGroup;
			children = (
				0C21AD2C1C88929400F020C7 /* PopoverViewController.swift */,
			);
			name = Popovers;
			sourceTree = "<group>";
		};
		0C225ED31C8240FE005FCD19 /* ViewControllers */ = {
			isa = PBXGroup;
			children = (
				0C21AD2B1C88927A00F020C7 /* Popovers */,
				0C23CFF81C85CF9A006110F4 /* Menu */,
				0C767C511C837FA100484C05 /* Login */,
				0C767C521C837FA600484C05 /* Trips */,
				0C99AC481C87338000E8C279 /* Users */,
			);
			name = ViewControllers;
			sourceTree = "<group>";
		};
		0C225ED41C824105005FCD19 /* Helpers */ = {
			isa = PBXGroup;
			children = (
				0C225ED51C824120005FCD19 /* Composition.swift */,
				0C225ED61C824120005FCD19 /* Configuration.swift */,
				0C225ED81C824120005FCD19 /* HelpfulFunctions.swift */,
				0C225ED91C824120005FCD19 /* UIExtensions.swift */,
			);
			name = Helpers;
			sourceTree = "<group>";
		};
		0C225EF11C82422A005FCD19 /* UIComponents */ = {
			isa = PBXGroup;
			children = (
				0C225EFD1C82423A005FCD19 /* UnderlineTextField.swift */,
				0C225EF21C82422A005FCD19 /* UIComponents.h */,
				0C225EF41C82422A005FCD19 /* Info.plist */,
			);
			path = UIComponents;
			sourceTree = "<group>";
		};
		0C23CFF81C85CF9A006110F4 /* Menu */ = {
			isa = PBXGroup;
			children = (
				0C23CFF91C85CFA5006110F4 /* MenuViewController.swift */,
				0C23CFFF1C85E0C7006110F4 /* ContainerViewController.swift */,
				0C23CFFA1C85CFA5006110F4 /* SlideMenuViewController.swift */,
				0C767C6C1C86517E00484C05 /* Cells */,
			);
			name = Menu;
			sourceTree = "<group>";
		};
		0C4FF3C61C81ABA500EB935F = {
			isa = PBXGroup;
			children = (
				0C4FF3D11C81ABA500EB935F /* TripPlanner */,
				0C4FF3E61C81ABA500EB935F /* TripPlannerUITests */,
				0C225EF11C82422A005FCD19 /* UIComponents */,
				0C4FF3D01C81ABA500EB935F /* Products */,
				A3138B009A213ED71272BB99 /* Pods */,
				A771ACEF500C139A1A2C1591 /* Frameworks */,
			);
			sourceTree = "<group>";
		};
		0C4FF3D01C81ABA500EB935F /* Products */ = {
			isa = PBXGroup;
			children = (
				0C4FF3CF1C81ABA500EB935F /* TripPlanner.app */,
				0C4FF3E31C81ABA500EB935F /* TripPlannerUITests.xctest */,
				0C225EF01C82422A005FCD19 /* UIComponents.framework */,
			);
			name = Products;
			sourceTree = "<group>";
		};
		0C4FF3D11C81ABA500EB935F /* TripPlanner */ = {
			isa = PBXGroup;
			children = (
				0C767C5A1C8385A900484C05 /* Model */,
				0C225ED41C824105005FCD19 /* Helpers */,
				0C225ED31C8240FE005FCD19 /* ViewControllers */,
				0C4FF3D21C81ABA500EB935F /* AppDelegate.swift */,
				0C767C591C8381D700484C05 /* Resources */,
			);
			path = TripPlanner;
			sourceTree = "<group>";
		};
		0C4FF3E61C81ABA500EB935F /* TripPlannerUITests */ = {
			isa = PBXGroup;
			children = (
				0C4FF3E71C81ABA500EB935F /* TripPlannerUITests.swift */,
				0C4FF3E91C81ABA500EB935F /* Info.plist */,
			);
			path = TripPlannerUITests;
			sourceTree = "<group>";
		};
		0C767C3A1C83099800484C05 /* Fonts */ = {
			isa = PBXGroup;
			children = (
				0C767C3B1C83099800484C05 /* poppins */,
			);
			path = Fonts;
			sourceTree = "<group>";
		};
		0C767C3B1C83099800484C05 /* poppins */ = {
			isa = PBXGroup;
			children = (
				0C767C3C1C83099800484C05 /* DESCRIPTION.en_us.html */,
				0C767C3D1C83099800484C05 /* METADATA.json */,
				0C767C3E1C83099800484C05 /* OFL.txt */,
				0C767C3F1C83099800484C05 /* Poppins-Bold.ttf */,
				0C767C401C83099800484C05 /* Poppins-Light.ttf */,
				0C767C411C83099800484C05 /* Poppins-Medium.ttf */,
				0C767C421C83099800484C05 /* Poppins-Regular.ttf */,
				0C767C431C83099800484C05 /* Poppins-SemiBold.ttf */,
			);
			path = poppins;
			sourceTree = "<group>";
		};
		0C767C511C837FA100484C05 /* Login */ = {
			isa = PBXGroup;
			children = (
				0C225EE11C82413E005FCD19 /* FormViewController.swift */,
				0C225EE21C82413E005FCD19 /* LandingViewController.swift */,
				0C225EE31C82413E005FCD19 /* LoginViewController.swift */,
				0C225EE71C82417F005FCD19 /* ResetPasswordViewController.swift */,
				0C225EE81C82417F005FCD19 /* SignUpViewController.swift */,
			);
			name = Login;
			sourceTree = "<group>";
		};
		0C767C521C837FA600484C05 /* Trips */ = {
			isa = PBXGroup;
			children = (
				0C767C531C837FD100484C05 /* TripsViewController.swift */,
				0C767C551C837FF100484C05 /* TripDetailsViewController.swift */,
				0C767C571C83807500484C05 /* MonthPlanViewController.swift */,
				0C767C641C8641F400484C05 /* SelectLocationViewController.swift */,
				0C767C6D1C86518C00484C05 /* Cells */,
			);
			name = Trips;
			sourceTree = "<group>";
		};
		0C767C591C8381D700484C05 /* Resources */ = {
			isa = PBXGroup;
			children = (
				0C767C3A1C83099800484C05 /* Fonts */,
				0C4FF3D61C81ABA500EB935F /* Main.storyboard */,
				0C4FF3D91C81ABA500EB935F /* Assets.xcassets */,
				0C767C501C831B2800484C05 /* Trips.storyboard */,
				0C21AD331C88943800F020C7 /* Popovers.storyboard */,
				0C4FF3DB1C81ABA500EB935F /* LaunchScreen.storyboard */,
				0C4FF3DE1C81ABA500EB935F /* Info.plist */,
				0C99AC441C87165800E8C279 /* Localizable.strings */,
				0C225ED71C824120005FCD19 /* Configurations.plist */,
			);
			name = Resources;
			sourceTree = "<group>";
		};
		0C767C5A1C8385A900484C05 /* Model */ = {
			isa = PBXGroup;
			children = (
				0C767C5C1C83973600484C05 /* TripsDataStore.swift */,
				0C767C5E1C83976000484C05 /* UsersDataStore.swift */,
				0C767C601C83A4C400484C05 /* LoginDataStore.swift */,
				0C767C661C86483800484C05 /* Trip.swift */,
			);
			name = Model;
			sourceTree = "<group>";
		};
		0C767C6C1C86517E00484C05 /* Cells */ = {
			isa = PBXGroup;
			children = (
				0C23CFFD1C85D614006110F4 /* MenuTableViewCell.swift */,
				0C23D0011C85E9A0006110F4 /* SectionHeaderTableViewCell.swift */,
			);
			name = Cells;
			sourceTree = "<group>";
		};
		0C767C6D1C86518C00484C05 /* Cells */ = {
			isa = PBXGroup;
			children = (
				0C767C681C8650D400484C05 /* TripCell.swift */,
			);
			name = Cells;
			sourceTree = "<group>";
		};
		0C99AC481C87338000E8C279 /* Users */ = {
			isa = PBXGroup;
			children = (
				0C21AD291C88906800F020C7 /* UsersViewController.swift */,
			);
			name = Users;
			sourceTree = "<group>";
		};
		A3138B009A213ED71272BB99 /* Pods */ = {
			isa = PBXGroup;
			children = (
				75AF2C9EF75917589137EED6 /* Pods-TripPlanner.debug.xcconfig */,
				CE84A0EEF47CDE12FDCC4BF1 /* Pods-TripPlanner.release.xcconfig */,
			);
			name = Pods;
			sourceTree = "<group>";
		};
		A771ACEF500C139A1A2C1591 /* Frameworks */ = {
			isa = PBXGroup;
			children = (
				46068CB9476AE3C5555A826A /* Pods_TripPlanner.framework */,
			);
			name = Frameworks;
			sourceTree = "<group>";
		};
/* End PBXGroup section */

/* Begin PBXHeadersBuildPhase section */
		0C225EED1C82422A005FCD19 /* Headers */ = {
			isa = PBXHeadersBuildPhase;
			buildActionMask = 2147483647;
			files = (
				0C225EF31C82422A005FCD19 /* UIComponents.h in Headers */,
			);
			runOnlyForDeploymentPostprocessing = 0;
		};
/* End PBXHeadersBuildPhase section */

/* Begin PBXNativeTarget section */
		0C225EEF1C82422A005FCD19 /* UIComponents */ = {
			isa = PBXNativeTarget;
			buildConfigurationList = 0C225EF91C82422A005FCD19 /* Build configuration list for PBXNativeTarget "UIComponents" */;
			buildPhases = (
				0C225EEB1C82422A005FCD19 /* Sources */,
				0C225EEC1C82422A005FCD19 /* Frameworks */,
				0C225EED1C82422A005FCD19 /* Headers */,
				0C225EEE1C82422A005FCD19 /* Resources */,
			);
			buildRules = (
			);
			dependencies = (
			);
			name = UIComponents;
			productName = UIComponents;
			productReference = 0C225EF01C82422A005FCD19 /* UIComponents.framework */;
			productType = "com.apple.product-type.framework";
		};
		0C4FF3CE1C81ABA500EB935F /* TripPlanner */ = {
			isa = PBXNativeTarget;
			buildConfigurationList = 0C4FF3EC1C81ABA500EB935F /* Build configuration list for PBXNativeTarget "TripPlanner" */;
			buildPhases = (
				8118EE9F31775DE083CEB2D8 /* Check Pods Manifest.lock */,
				0C4FF3CB1C81ABA500EB935F /* Sources */,
				0C4FF3CC1C81ABA500EB935F /* Frameworks */,
				0C4FF3CD1C81ABA500EB935F /* Resources */,
				06D91D037819CC425C51F42F /* Embed Pods Frameworks */,
				69B3189FF9FEF4246C8B897F /* Copy Pods Resources */,
				0C225EFC1C82422A005FCD19 /* Embed Frameworks */,
			);
			buildRules = (
			);
			dependencies = (
				0C225EF61C82422A005FCD19 /* PBXTargetDependency */,
			);
			name = TripPlanner;
			productName = TripPlanner;
			productReference = 0C4FF3CF1C81ABA500EB935F /* TripPlanner.app */;
			productType = "com.apple.product-type.application";
		};
		0C4FF3E21C81ABA500EB935F /* TripPlannerUITests */ = {
			isa = PBXNativeTarget;
			buildConfigurationList = 0C4FF3EF1C81ABA500EB935F /* Build configuration list for PBXNativeTarget "TripPlannerUITests" */;
			buildPhases = (
				0C4FF3DF1C81ABA500EB935F /* Sources */,
				0C4FF3E01C81ABA500EB935F /* Frameworks */,
				0C4FF3E11C81ABA500EB935F /* Resources */,
			);
			buildRules = (
			);
			dependencies = (
				0C4FF3E51C81ABA500EB935F /* PBXTargetDependency */,
			);
			name = TripPlannerUITests;
			productName = TripPlannerUITests;
			productReference = 0C4FF3E31C81ABA500EB935F /* TripPlannerUITests.xctest */;
			productType = "com.apple.product-type.bundle.ui-testing";
		};
/* End PBXNativeTarget section */

/* Begin PBXProject section */
		0C4FF3C71C81ABA500EB935F /* Project object */ = {
			isa = PBXProject;
			attributes = {
				LastSwiftUpdateCheck = 0720;
				LastUpgradeCheck = 0720;
				ORGANIZATIONNAME = Toptal;
				TargetAttributes = {
					0C225EEF1C82422A005FCD19 = {
						CreatedOnToolsVersion = 7.2.1;
					};
					0C4FF3CE1C81ABA500EB935F = {
						CreatedOnToolsVersion = 7.2.1;
						DevelopmentTeam = P4U27N5P3S;
					};
					0C4FF3E21C81ABA500EB935F = {
						CreatedOnToolsVersion = 7.2.1;
						TestTargetID = 0C4FF3CE1C81ABA500EB935F;
					};
				};
			};
			buildConfigurationList = 0C4FF3CA1C81ABA500EB935F /* Build configuration list for PBXProject "TripPlanner" */;
			compatibilityVersion = "Xcode 3.2";
			developmentRegion = English;
			hasScannedForEncodings = 0;
			knownRegions = (
				en,
				Base,
			);
			mainGroup = 0C4FF3C61C81ABA500EB935F;
			productRefGroup = 0C4FF3D01C81ABA500EB935F /* Products */;
			projectDirPath = "";
			projectRoot = "";
			targets = (
				0C4FF3CE1C81ABA500EB935F /* TripPlanner */,
				0C4FF3E21C81ABA500EB935F /* TripPlannerUITests */,
				0C225EEF1C82422A005FCD19 /* UIComponents */,
			);
		};
/* End PBXProject section */

/* Begin PBXResourcesBuildPhase section */
		0C225EEE1C82422A005FCD19 /* Resources */ = {
			isa = PBXResourcesBuildPhase;
			buildActionMask = 2147483647;
			files = (
			);
			runOnlyForDeploymentPostprocessing = 0;
		};
		0C4FF3CD1C81ABA500EB935F /* Resources */ = {
			isa = PBXResourcesBuildPhase;
			buildActionMask = 2147483647;
			files = (
				0C767C481C83099800484C05 /* Poppins-Light.ttf in Resources */,
				0C767C4E1C831B2800484C05 /* Trips.storyboard in Resources */,
				0C99AC421C87165800E8C279 /* Localizable.strings in Resources */,
				0C4FF3DD1C81ABA500EB935F /* LaunchScreen.storyboard in Resources */,
				0C225EDD1C824120005FCD19 /* Configurations.plist in Resources */,
				0C767C471C83099800484C05 /* Poppins-Bold.ttf in Resources */,
				0C4FF3DA1C81ABA500EB935F /* Assets.xcassets in Resources */,
				0C767C4A1C83099800484C05 /* Poppins-Regular.ttf in Resources */,
				0C21AD311C88943800F020C7 /* Popovers.storyboard in Resources */,
				0C767C4B1C83099800484C05 /* Poppins-SemiBold.ttf in Resources */,
				0C4FF3D81C81ABA500EB935F /* Main.storyboard in Resources */,
				0C767C491C83099800484C05 /* Poppins-Medium.ttf in Resources */,
			);
			runOnlyForDeploymentPostprocessing = 0;
		};
		0C4FF3E11C81ABA500EB935F /* Resources */ = {
			isa = PBXResourcesBuildPhase;
			buildActionMask = 2147483647;
			files = (
			);
			runOnlyForDeploymentPostprocessing = 0;
		};
/* End PBXResourcesBuildPhase section */

/* Begin PBXShellScriptBuildPhase section */
		06D91D037819CC425C51F42F /* Embed Pods Frameworks */ = {
			isa = PBXShellScriptBuildPhase;
			buildActionMask = 2147483647;
			files = (
			);
			inputPaths = (
			);
			name = "Embed Pods Frameworks";
			outputPaths = (
			);
			runOnlyForDeploymentPostprocessing = 0;
			shellPath = /bin/sh;
			shellScript = "\"${SRCROOT}/Pods/Target Support Files/Pods-TripPlanner/Pods-TripPlanner-frameworks.sh\"\n";
			showEnvVarsInLog = 0;
		};
		69B3189FF9FEF4246C8B897F /* Copy Pods Resources */ = {
			isa = PBXShellScriptBuildPhase;
			buildActionMask = 2147483647;
			files = (
			);
			inputPaths = (
			);
			name = "Copy Pods Resources";
			outputPaths = (
			);
			runOnlyForDeploymentPostprocessing = 0;
			shellPath = /bin/sh;
			shellScript = "\"${SRCROOT}/Pods/Target Support Files/Pods-TripPlanner/Pods-TripPlanner-resources.sh\"\n";
			showEnvVarsInLog = 0;
		};
		8118EE9F31775DE083CEB2D8 /* Check Pods Manifest.lock */ = {
			isa = PBXShellScriptBuildPhase;
			buildActionMask = 2147483647;
			files = (
			);
			inputPaths = (
			);
			name = "Check Pods Manifest.lock";
			outputPaths = (
			);
			runOnlyForDeploymentPostprocessing = 0;
			shellPath = /bin/sh;
			shellScript = "diff \"${PODS_ROOT}/../Podfile.lock\" \"${PODS_ROOT}/Manifest.lock\" > /dev/null\nif [[ $? != 0 ]] ; then\n    cat << EOM\nerror: The sandbox is not in sync with the Podfile.lock. Run 'pod install' or update your CocoaPods installation.\nEOM\n    exit 1\nfi\n";
			showEnvVarsInLog = 0;
		};
/* End PBXShellScriptBuildPhase section */

/* Begin PBXSourcesBuildPhase section */
		0C225EEB1C82422A005FCD19 /* Sources */ = {
			isa = PBXSourcesBuildPhase;
			buildActionMask = 2147483647;
			files = (
				0C225F001C824386005FCD19 /* UIExtensions.swift in Sources */,
				0C225EFF1C824375005FCD19 /* HelpfulFunctions.swift in Sources */,
				0C225EFE1C82423A005FCD19 /* UnderlineTextField.swift in Sources */,
			);
			runOnlyForDeploymentPostprocessing = 0;
		};
		0C4FF3CB1C81ABA500EB935F /* Sources */ = {
			isa = PBXSourcesBuildPhase;
			buildActionMask = 2147483647;
			files = (
				0C23D0021C85E9A0006110F4 /* SectionHeaderTableViewCell.swift in Sources */,
				0C225EDB1C824120005FCD19 /* Composition.swift in Sources */,
				0C21AD2D1C88929400F020C7 /* PopoverViewController.swift in Sources */,
				0C767C5D1C83973600484C05 /* TripsDataStore.swift in Sources */,
				0C767C611C83A4C400484C05 /* LoginDataStore.swift in Sources */,
				0C225EDE1C824120005FCD19 /* HelpfulFunctions.swift in Sources */,
				0C225EE91C82417F005FCD19 /* ResetPasswordViewController.swift in Sources */,
				0C225EDF1C824120005FCD19 /* UIExtensions.swift in Sources */,
				0C225EDC1C824120005FCD19 /* Configuration.swift in Sources */,
				0C225EEA1C82417F005FCD19 /* SignUpViewController.swift in Sources */,
				0C767C581C83807500484C05 /* MonthPlanViewController.swift in Sources */,
				0C767C5F1C83976000484C05 /* UsersDataStore.swift in Sources */,
				0C767C671C86483800484C05 /* Trip.swift in Sources */,
				0C767C651C8641F400484C05 /* SelectLocationViewController.swift in Sources */,
				0C767C691C8650D400484C05 /* TripCell.swift in Sources */,
				0C225EE41C82413E005FCD19 /* FormViewController.swift in Sources */,
				0C225EE51C82413E005FCD19 /* LandingViewController.swift in Sources */,
				0C23CFFB1C85CFA5006110F4 /* MenuViewController.swift in Sources */,
				0C21AD2A1C88906800F020C7 /* UsersViewController.swift in Sources */,
				0C23CFFE1C85D614006110F4 /* MenuTableViewCell.swift in Sources */,
				0C767C541C837FD100484C05 /* TripsViewController.swift in Sources */,
				0C23D0001C85E0C7006110F4 /* ContainerViewController.swift in Sources */,
				0C767C561C837FF100484C05 /* TripDetailsViewController.swift in Sources */,
				0C225EE61C82413E005FCD19 /* LoginViewController.swift in Sources */,
				0C23CFFC1C85CFA5006110F4 /* SlideMenuViewController.swift in Sources */,
				0C4FF3D31C81ABA500EB935F /* AppDelegate.swift in Sources */,
			);
			runOnlyForDeploymentPostprocessing = 0;
		};
		0C4FF3DF1C81ABA500EB935F /* Sources */ = {
			isa = PBXSourcesBuildPhase;
			buildActionMask = 2147483647;
			files = (
				0C4FF3E81C81ABA500EB935F /* TripPlannerUITests.swift in Sources */,
			);
			runOnlyForDeploymentPostprocessing = 0;
		};
/* End PBXSourcesBuildPhase section */

/* Begin PBXTargetDependency section */
		0C225EF61C82422A005FCD19 /* PBXTargetDependency */ = {
			isa = PBXTargetDependency;
			target = 0C225EEF1C82422A005FCD19 /* UIComponents */;
			targetProxy = 0C225EF51C82422A005FCD19 /* PBXContainerItemProxy */;
		};
		0C4FF3E51C81ABA500EB935F /* PBXTargetDependency */ = {
			isa = PBXTargetDependency;
			target = 0C4FF3CE1C81ABA500EB935F /* TripPlanner */;
			targetProxy = 0C4FF3E41C81ABA500EB935F /* PBXContainerItemProxy */;
		};
/* End PBXTargetDependency section */

/* Begin PBXVariantGroup section */
		0C21AD331C88943800F020C7 /* Popovers.storyboard */ = {
			isa = PBXVariantGroup;
			children = (
				0C21AD321C88943800F020C7 /* Base */,
			);
			name = Popovers.storyboard;
			sourceTree = "<group>";
		};
		0C4FF3D61C81ABA500EB935F /* Main.storyboard */ = {
			isa = PBXVariantGroup;
			children = (
				0C4FF3D71C81ABA500EB935F /* Base */,
				0C767C6B1C86516100484C05 /* en */,
			);
			name = Main.storyboard;
			sourceTree = "<group>";
		};
		0C4FF3DB1C81ABA500EB935F /* LaunchScreen.storyboard */ = {
			isa = PBXVariantGroup;
			children = (
				0C4FF3DC1C81ABA500EB935F /* Base */,
			);
			name = LaunchScreen.storyboard;
			sourceTree = "<group>";
		};
		0C767C501C831B2800484C05 /* Trips.storyboard */ = {
			isa = PBXVariantGroup;
			children = (
				0C767C4F1C831B2800484C05 /* Base */,
				0C21AD281C888DA200F020C7 /* en */,
			);
			name = Trips.storyboard;
			sourceTree = "<group>";
		};
		0C99AC441C87165800E8C279 /* Localizable.strings */ = {
			isa = PBXVariantGroup;
			children = (
				0C99AC451C87165E00E8C279 /* en */,
			);
			name = Localizable.strings;
			sourceTree = "<group>";
		};
/* End PBXVariantGroup section */

/* Begin XCBuildConfiguration section */
		0C225EFA1C82422A005FCD19 /* Debug */ = {
			isa = XCBuildConfiguration;
			buildSettings = {
				CLANG_ENABLE_MODULES = YES;
				CURRENT_PROJECT_VERSION = 1;
				DEFINES_MODULE = YES;
				DYLIB_COMPATIBILITY_VERSION = 1;
				DYLIB_CURRENT_VERSION = 1;
				DYLIB_INSTALL_NAME_BASE = "@rpath";
				INFOPLIST_FILE = UIComponents/Info.plist;
				INSTALL_PATH = "$(LOCAL_LIBRARY_DIR)/Frameworks";
				IPHONEOS_DEPLOYMENT_TARGET = 8.0;
				LD_RUNPATH_SEARCH_PATHS = "$(inherited) @executable_path/Frameworks @loader_path/Frameworks";
				PRODUCT_BUNDLE_IDENTIFIER = com.toptal.UIComponents;
				PRODUCT_NAME = "$(TARGET_NAME)";
				SKIP_INSTALL = YES;
				SWIFT_OPTIMIZATION_LEVEL = "-Onone";
				TARGETED_DEVICE_FAMILY = "1,2";
				VERSIONING_SYSTEM = "apple-generic";
				VERSION_INFO_PREFIX = "";
			};
			name = Debug;
		};
		0C225EFB1C82422A005FCD19 /* Release */ = {
			isa = XCBuildConfiguration;
			buildSettings = {
				CLANG_ENABLE_MODULES = YES;
				CURRENT_PROJECT_VERSION = 1;
				DEFINES_MODULE = YES;
				DYLIB_COMPATIBILITY_VERSION = 1;
				DYLIB_CURRENT_VERSION = 1;
				DYLIB_INSTALL_NAME_BASE = "@rpath";
				INFOPLIST_FILE = UIComponents/Info.plist;
				INSTALL_PATH = "$(LOCAL_LIBRARY_DIR)/Frameworks";
				IPHONEOS_DEPLOYMENT_TARGET = 8.0;
				LD_RUNPATH_SEARCH_PATHS = "$(inherited) @executable_path/Frameworks @loader_path/Frameworks";
				PRODUCT_BUNDLE_IDENTIFIER = com.toptal.UIComponents;
				PRODUCT_NAME = "$(TARGET_NAME)";
				SKIP_INSTALL = YES;
				TARGETED_DEVICE_FAMILY = "1,2";
				VERSIONING_SYSTEM = "apple-generic";
				VERSION_INFO_PREFIX = "";
			};
			name = Release;
		};
		0C4FF3EA1C81ABA500EB935F /* Debug */ = {
			isa = XCBuildConfiguration;
			buildSettings = {
				ALWAYS_SEARCH_USER_PATHS = NO;
				CLANG_CXX_LANGUAGE_STANDARD = "gnu++0x";
				CLANG_CXX_LIBRARY = "libc++";
				CLANG_ENABLE_MODULES = YES;
				CLANG_ENABLE_OBJC_ARC = YES;
				CLANG_WARN_BOOL_CONVERSION = YES;
				CLANG_WARN_CONSTANT_CONVERSION = YES;
				CLANG_WARN_DIRECT_OBJC_ISA_USAGE = YES_ERROR;
				CLANG_WARN_EMPTY_BODY = YES;
				CLANG_WARN_ENUM_CONVERSION = YES;
				CLANG_WARN_INT_CONVERSION = YES;
				CLANG_WARN_OBJC_ROOT_CLASS = YES_ERROR;
				CLANG_WARN_UNREACHABLE_CODE = YES;
				CLANG_WARN__DUPLICATE_METHOD_MATCH = YES;
				"CODE_SIGN_IDENTITY[sdk=iphoneos*]" = "iPhone Developer";
				COPY_PHASE_STRIP = NO;
				DEBUG_INFORMATION_FORMAT = dwarf;
				ENABLE_STRICT_OBJC_MSGSEND = YES;
				ENABLE_TESTABILITY = YES;
				GCC_C_LANGUAGE_STANDARD = gnu99;
				GCC_DYNAMIC_NO_PIC = NO;
				GCC_NO_COMMON_BLOCKS = YES;
				GCC_OPTIMIZATION_LEVEL = 0;
				GCC_PREPROCESSOR_DEFINITIONS = (
					"DEBUG=1",
					"$(inherited)",
				);
				GCC_WARN_64_TO_32_BIT_CONVERSION = YES;
				GCC_WARN_ABOUT_RETURN_TYPE = YES_ERROR;
				GCC_WARN_UNDECLARED_SELECTOR = YES;
				GCC_WARN_UNINITIALIZED_AUTOS = YES_AGGRESSIVE;
				GCC_WARN_UNUSED_FUNCTION = YES;
				GCC_WARN_UNUSED_VARIABLE = YES;
				IPHONEOS_DEPLOYMENT_TARGET = 8.0;
				MTL_ENABLE_DEBUG_INFO = YES;
				ONLY_ACTIVE_ARCH = YES;
				OTHER_SWIFT_FLAGS = "-DDEBUG";
				SDKROOT = iphoneos;
				SWIFT_OPTIMIZATION_LEVEL = "-Onone";
			};
			name = Debug;
		};
		0C4FF3EB1C81ABA500EB935F /* Release */ = {
			isa = XCBuildConfiguration;
			buildSettings = {
				ALWAYS_SEARCH_USER_PATHS = NO;
				CLANG_CXX_LANGUAGE_STANDARD = "gnu++0x";
				CLANG_CXX_LIBRARY = "libc++";
				CLANG_ENABLE_MODULES = YES;
				CLANG_ENABLE_OBJC_ARC = YES;
				CLANG_WARN_BOOL_CONVERSION = YES;
				CLANG_WARN_CONSTANT_CONVERSION = YES;
				CLANG_WARN_DIRECT_OBJC_ISA_USAGE = YES_ERROR;
				CLANG_WARN_EMPTY_BODY = YES;
				CLANG_WARN_ENUM_CONVERSION = YES;
				CLANG_WARN_INT_CONVERSION = YES;
				CLANG_WARN_OBJC_ROOT_CLASS = YES_ERROR;
				CLANG_WARN_UNREACHABLE_CODE = YES;
				CLANG_WARN__DUPLICATE_METHOD_MATCH = YES;
				"CODE_SIGN_IDENTITY[sdk=iphoneos*]" = "iPhone Developer";
				COPY_PHASE_STRIP = NO;
				DEBUG_INFORMATION_FORMAT = "dwarf-with-dsym";
				ENABLE_NS_ASSERTIONS = NO;
				ENABLE_STRICT_OBJC_MSGSEND = YES;
				GCC_C_LANGUAGE_STANDARD = gnu99;
				GCC_NO_COMMON_BLOCKS = YES;
				GCC_WARN_64_TO_32_BIT_CONVERSION = YES;
				GCC_WARN_ABOUT_RETURN_TYPE = YES_ERROR;
				GCC_WARN_UNDECLARED_SELECTOR = YES;
				GCC_WARN_UNINITIALIZED_AUTOS = YES_AGGRESSIVE;
				GCC_WARN_UNUSED_FUNCTION = YES;
				GCC_WARN_UNUSED_VARIABLE = YES;
				IPHONEOS_DEPLOYMENT_TARGET = 8.0;
				MTL_ENABLE_DEBUG_INFO = NO;
				SDKROOT = iphoneos;
				VALIDATE_PRODUCT = YES;
			};
			name = Release;
		};
		0C4FF3ED1C81ABA500EB935F /* Debug */ = {
			isa = XCBuildConfiguration;
			baseConfigurationReference = 75AF2C9EF75917589137EED6 /* Pods-TripPlanner.debug.xcconfig */;
			buildSettings = {
				ASSETCATALOG_COMPILER_APPICON_NAME = AppIcon;
				CODE_SIGN_IDENTITY = "iPhone Developer";
				EMBEDDED_CONTENT_CONTAINS_SWIFT = YES;
				INFOPLIST_FILE = TripPlanner/Info.plist;
				LD_RUNPATH_SEARCH_PATHS = "$(inherited) @executable_path/Frameworks";
				PRODUCT_BUNDLE_IDENTIFIER = com.toptal.TripPlanner;
				PRODUCT_NAME = "$(TARGET_NAME)";
				TARGETED_DEVICE_FAMILY = "1,2";
			};
			name = Debug;
		};
		0C4FF3EE1C81ABA500EB935F /* Release */ = {
			isa = XCBuildConfiguration;
			baseConfigurationReference = CE84A0EEF47CDE12FDCC4BF1 /* Pods-TripPlanner.release.xcconfig */;
			buildSettings = {
				ASSETCATALOG_COMPILER_APPICON_NAME = AppIcon;
				CODE_SIGN_IDENTITY = "iPhone Developer";
				EMBEDDED_CONTENT_CONTAINS_SWIFT = YES;
				INFOPLIST_FILE = TripPlanner/Info.plist;
				LD_RUNPATH_SEARCH_PATHS = "$(inherited) @executable_path/Frameworks";
				PRODUCT_BUNDLE_IDENTIFIER = com.toptal.TripPlanner;
				PRODUCT_NAME = "$(TARGET_NAME)";
				TARGETED_DEVICE_FAMILY = "1,2";
			};
			name = Release;
		};
		0C4FF3F01C81ABA500EB935F /* Debug */ = {
			isa = XCBuildConfiguration;
			buildSettings = {
				INFOPLIST_FILE = TripPlannerUITests/Info.plist;
				LD_RUNPATH_SEARCH_PATHS = "$(inherited) @executable_path/Frameworks @loader_path/Frameworks";
				PRODUCT_BUNDLE_IDENTIFIER = com.toptal.TripPlannerUITests;
				PRODUCT_NAME = "$(TARGET_NAME)";
				TEST_TARGET_NAME = TripPlanner;
				USES_XCTRUNNER = YES;
			};
			name = Debug;
		};
		0C4FF3F11C81ABA500EB935F /* Release */ = {
			isa = XCBuildConfiguration;
			buildSettings = {
				INFOPLIST_FILE = TripPlannerUITests/Info.plist;
				LD_RUNPATH_SEARCH_PATHS = "$(inherited) @executable_path/Frameworks @loader_path/Frameworks";
				PRODUCT_BUNDLE_IDENTIFIER = com.toptal.TripPlannerUITests;
				PRODUCT_NAME = "$(TARGET_NAME)";
				TEST_TARGET_NAME = TripPlanner;
				USES_XCTRUNNER = YES;
			};
			name = Release;
		};
/* End XCBuildConfiguration section */

/* Begin XCConfigurationList section */
		0C225EF91C82422A005FCD19 /* Build configuration list for PBXNativeTarget "UIComponents" */ = {
			isa = XCConfigurationList;
			buildConfigurations = (
				0C225EFA1C82422A005FCD19 /* Debug */,
				0C225EFB1C82422A005FCD19 /* Release */,
			);
			defaultConfigurationIsVisible = 0;
			defaultConfigurationName = Release;
		};
		0C4FF3CA1C81ABA500EB935F /* Build configuration list for PBXProject "TripPlanner" */ = {
			isa = XCConfigurationList;
			buildConfigurations = (
				0C4FF3EA1C81ABA500EB935F /* Debug */,
				0C4FF3EB1C81ABA500EB935F /* Release */,
			);
			defaultConfigurationIsVisible = 0;
			defaultConfigurationName = Release;
		};
		0C4FF3EC1C81ABA500EB935F /* Build configuration list for PBXNativeTarget "TripPlanner" */ = {
			isa = XCConfigurationList;
			buildConfigurations = (
				0C4FF3ED1C81ABA500EB935F /* Debug */,
				0C4FF3EE1C81ABA500EB935F /* Release */,
			);
			defaultConfigurationIsVisible = 0;
			defaultConfigurationName = Release;
		};
		0C4FF3EF1C81ABA500EB935F /* Build configuration list for PBXNativeTarget "TripPlannerUITests" */ = {
			isa = XCConfigurationList;
			buildConfigurations = (
				0C4FF3F01C81ABA500EB935F /* Debug */,
				0C4FF3F11C81ABA500EB935F /* Release */,
			);
			defaultConfigurationIsVisible = 0;
			defaultConfigurationName = Release;
		};
/* End XCConfigurationList section */
	};
	rootObject = 0C4FF3C71C81ABA500EB935F /* Project object */;
}
